
Microsoft Visual Studio Solution File, Format Version 12.00
# Visual Studio Version 17
VisualStudioVersion = 17.4.33103.184
MinimumVisualStudioVersion = 10.0.40219.1
Project("{FAE04EC0-301F-11D3-BF4B-00C04F79EFBC}") = "TaxationApi.Web", "TaxationApi.Web\TaxationApi.Web.csproj", "{44F537E7-ED48-4466-B6E6-DDA63EE499D8}"
EndProject
Project("{FAE04EC0-301F-11D3-BF4B-00C04F79EFBC}") = "TaxationApi.Backend", "TaxationApi.Backend\TaxationApi.Backend.csproj", "{5ADE9F09-030E-4C74-962D-2F6777291234}"
EndProject
Global
	GlobalSection(SolutionConfigurationPlatforms) = preSolution
		Debug|Any CPU = Debug|Any CPU
		Release|Any CPU = Release|Any CPU
	EndGlobalSection
	GlobalSection(ProjectConfigurationPlatforms) = postSolution
		{44F537E7-ED48-4466-B6E6-DDA63EE499D8}.Debug|Any CPU.ActiveCfg = Debug|Any CPU
		{44F537E7-ED48-4466-B6E6-DDA63EE499D8}.Debug|Any CPU.Build.0 = Debug|Any CPU
		{44F537E7-ED48-4466-B6E6-DDA63EE499D8}.Release|Any CPU.ActiveCfg = Release|Any CPU
		{44F537E7-ED48-4466-B6E6-DDA63EE499D8}.Release|Any CPU.Build.0 = Release|Any CPU
		{5ADE9F09-030E-4C74-962D-2F6777291234}.Debug|Any CPU.ActiveCfg = Debug|Any CPU
		{5ADE9F09-030E-4C74-962D-2F6777291234}.Debug|Any CPU.Build.0 = Debug|Any CPU
		{5ADE9F09-030E-4C74-962D-2F6777291234}.Release|Any CPU.ActiveCfg = Release|Any CPU
		{5ADE9F09-030E-4C74-962D-2F6777291234}.Release|Any CPU.Build.0 = Release|Any CPU
	EndGlobalSection
	GlobalSection(SolutionProperties) = preSolution
		HideSolutionNode = FALSE
	EndGlobalSection
	GlobalSection(ExtensibilityGlobals) = postSolution
		SolutionGuid = {A1CAE722-1827-4E4D-937B-A83C0221408D}
	EndGlobalSection
EndGlobal
